# THIS IS AN AUTOGENERATED FILE. DO NOT EDIT THIS FILE DIRECTLY.
# yarn lockfile v1


"@algolia/autocomplete-core@1.9.3":
  version "1.9.3"
  resolved "http://192.168.20.201:8081/repository/group-npm/@algolia/autocomplete-core/-/autocomplete-core-1.9.3.tgz"
  integrity sha512-009HdfugtGCdC4JdXUbVJClA0q0zh24yyePn+KUGk3rP7j8FEe/m5Yo/z65gn6nP/cM39PxpzqKrL7A6fP6PPw==
  dependencies:
    "@algolia/autocomplete-plugin-algolia-insights" "1.9.3"
    "@algolia/autocomplete-shared" "1.9.3"

"@algolia/autocomplete-plugin-algolia-insights@1.9.3":
  version "1.9.3"
  resolved "http://192.168.20.201:8081/repository/group-npm/@algolia/autocomplete-plugin-algolia-insights/-/autocomplete-plugin-algolia-insights-1.9.3.tgz"
  integrity sha512-a/yTUkcO/Vyy+JffmAnTWbr4/90cLzw+CC3bRbhnULr/EM0fGNvM13oQQ14f2moLMcVDyAx/leczLlAOovhSZg==
  dependencies:
    "@algolia/autocomplete-shared" "1.9.3"

"@algolia/autocomplete-preset-algolia@1.9.3":
  version "1.9.3"
  resolved "http://192.168.20.201:8081/repository/group-npm/@algolia/autocomplete-preset-algolia/-/autocomplete-preset-algolia-1.9.3.tgz"
  integrity sha512-d4qlt6YmrLMYy95n5TB52wtNDr6EgAIPH81dvvvW8UmuWRgxEtY0NJiPwl/h95JtG2vmRM804M0DSwMCNZlzRA==
  dependencies:
    "@algolia/autocomplete-shared" "1.9.3"

"@algolia/autocomplete-shared@1.9.3":
  version "1.9.3"
  resolved "http://192.168.20.201:8081/repository/group-npm/@algolia/autocomplete-shared/-/autocomplete-shared-1.9.3.tgz"
  integrity sha512-Wnm9E4Ye6Rl6sTTqjoymD+l8DjSTHsHboVRYrKgEt8Q7UHm9nYbqhN/i0fhUYA3OAEH7WA8x3jfpnmJm3rKvaQ==

"@algolia/cache-browser-local-storage@4.24.0":
  version "4.24.0"
  resolved "http://192.168.20.201:8081/repository/group-npm/@algolia/cache-browser-local-storage/-/cache-browser-local-storage-4.24.0.tgz"
  integrity sha512-t63W9BnoXVrGy9iYHBgObNXqYXM3tYXCjDSHeNwnsc324r4o5UiVKUiAB4THQ5z9U5hTj6qUvwg/Ez43ZD85ww==
  dependencies:
    "@algolia/cache-common" "4.24.0"

"@algolia/cache-common@4.24.0":
  version "4.24.0"
  resolved "http://192.168.20.201:8081/repository/group-npm/@algolia/cache-common/-/cache-common-4.24.0.tgz"
  integrity sha512-emi+v+DmVLpMGhp0V9q9h5CdkURsNmFC+cOS6uK9ndeJm9J4TiqSvPYVu+THUP8P/S08rxf5x2P+p3CfID0Y4g==

"@algolia/cache-in-memory@4.24.0":
  version "4.24.0"
  resolved "http://192.168.20.201:8081/repository/group-npm/@algolia/cache-in-memory/-/cache-in-memory-4.24.0.tgz"
  integrity sha512-gDrt2so19jW26jY3/MkFg5mEypFIPbPoXsQGQWAi6TrCPsNOSEYepBMPlucqWigsmEy/prp5ug2jy/N3PVG/8w==
  dependencies:
    "@algolia/cache-common" "4.24.0"

"@algolia/client-account@4.24.0":
  version "4.24.0"
  resolved "http://192.168.20.201:8081/repository/group-npm/@algolia/client-account/-/client-account-4.24.0.tgz"
  integrity sha512-adcvyJ3KjPZFDybxlqnf+5KgxJtBjwTPTeyG2aOyoJvx0Y8dUQAEOEVOJ/GBxX0WWNbmaSrhDURMhc+QeevDsA==
  dependencies:
    "@algolia/client-common" "4.24.0"
    "@algolia/client-search" "4.24.0"
    "@algolia/transporter" "4.24.0"

"@algolia/client-analytics@4.24.0":
  version "4.24.0"
  resolved "http://192.168.20.201:8081/repository/group-npm/@algolia/client-analytics/-/client-analytics-4.24.0.tgz"
  integrity sha512-y8jOZt1OjwWU4N2qr8G4AxXAzaa8DBvyHTWlHzX/7Me1LX8OayfgHexqrsL4vSBcoMmVw2XnVW9MhL+Y2ZDJXg==
  dependencies:
    "@algolia/client-common" "4.24.0"
    "@algolia/client-search" "4.24.0"
    "@algolia/requester-common" "4.24.0"
    "@algolia/transporter" "4.24.0"

"@algolia/client-common@4.24.0":
  version "4.24.0"
  resolved "http://192.168.20.201:8081/repository/group-npm/@algolia/client-common/-/client-common-4.24.0.tgz"
  integrity sha512-bc2ROsNL6w6rqpl5jj/UywlIYC21TwSSoFHKl01lYirGMW+9Eek6r02Tocg4gZ8HAw3iBvu6XQiM3BEbmEMoiA==
  dependencies:
    "@algolia/requester-common" "4.24.0"
    "@algolia/transporter" "4.24.0"

"@algolia/client-common@5.1.1":
  version "5.1.1"
  resolved "http://192.168.20.201:8081/repository/group-npm/@algolia/client-common/-/client-common-5.1.1.tgz"
  integrity sha512-jkQNQbGY+XQB3Eln7wqqdUZKBzG8lETcsaUk5gcMc6iIwyN/qW0v0fhpKPH+Kli+BImLxo0CWk12CvVvx2exWA==

"@algolia/client-personalization@4.24.0":
  version "4.24.0"
  resolved "http://192.168.20.201:8081/repository/group-npm/@algolia/client-personalization/-/client-personalization-4.24.0.tgz"
  integrity sha512-l5FRFm/yngztweU0HdUzz1rC4yoWCFo3IF+dVIVTfEPg906eZg5BOd1k0K6rZx5JzyyoP4LdmOikfkfGsKVE9w==
  dependencies:
    "@algolia/client-common" "4.24.0"
    "@algolia/requester-common" "4.24.0"
    "@algolia/transporter" "4.24.0"

"@algolia/client-search@>= 4.9.1 < 6":
  version "5.1.1"
  resolved "http://192.168.20.201:8081/repository/group-npm/@algolia/client-search/-/client-search-5.1.1.tgz"
  integrity sha512-SFpb3FI/VouGou/vpuS7qeCA5Y/KpV42P6CEA/1MZQtl/xJkl6PVjikb+Q9YadeHi2jtDV/aQ6PyiVDnX4PQcw==
  dependencies:
    "@algolia/client-common" "5.1.1"
    "@algolia/requester-browser-xhr" "5.1.1"
    "@algolia/requester-node-http" "5.1.1"

"@algolia/client-search@4.24.0":
  version "4.24.0"
  resolved "http://192.168.20.201:8081/repository/group-npm/@algolia/client-search/-/client-search-4.24.0.tgz"
  integrity sha512-uRW6EpNapmLAD0mW47OXqTP8eiIx5F6qN9/x/7HHO6owL3N1IXqydGwW5nhDFBrV+ldouro2W1VX3XlcUXEFCA==
  dependencies:
    "@algolia/client-common" "4.24.0"
    "@algolia/requester-common" "4.24.0"
    "@algolia/transporter" "4.24.0"

"@algolia/logger-common@4.24.0":
  version "4.24.0"
  resolved "http://192.168.20.201:8081/repository/group-npm/@algolia/logger-common/-/logger-common-4.24.0.tgz"
  integrity sha512-LLUNjkahj9KtKYrQhFKCzMx0BY3RnNP4FEtO+sBybCjJ73E8jNdaKJ/Dd8A/VA4imVHP5tADZ8pn5B8Ga/wTMA==

"@algolia/logger-console@4.24.0":
  version "4.24.0"
  resolved "http://192.168.20.201:8081/repository/group-npm/@algolia/logger-console/-/logger-console-4.24.0.tgz"
  integrity sha512-X4C8IoHgHfiUROfoRCV+lzSy+LHMgkoEEU1BbKcsfnV0i0S20zyy0NLww9dwVHUWNfPPxdMU+/wKmLGYf96yTg==
  dependencies:
    "@algolia/logger-common" "4.24.0"

"@algolia/recommend@4.24.0":
  version "4.24.0"
  resolved "http://192.168.20.201:8081/repository/group-npm/@algolia/recommend/-/recommend-4.24.0.tgz"
  integrity sha512-P9kcgerfVBpfYHDfVZDvvdJv0lEoCvzNlOy2nykyt5bK8TyieYyiD0lguIJdRZZYGre03WIAFf14pgE+V+IBlw==
  dependencies:
    "@algolia/cache-browser-local-storage" "4.24.0"
    "@algolia/cache-common" "4.24.0"
    "@algolia/cache-in-memory" "4.24.0"
    "@algolia/client-common" "4.24.0"
    "@algolia/client-search" "4.24.0"
    "@algolia/logger-common" "4.24.0"
    "@algolia/logger-console" "4.24.0"
    "@algolia/requester-browser-xhr" "4.24.0"
    "@algolia/requester-common" "4.24.0"
    "@algolia/requester-node-http" "4.24.0"
    "@algolia/transporter" "4.24.0"

"@algolia/requester-browser-xhr@4.24.0":
  version "4.24.0"
  resolved "http://192.168.20.201:8081/repository/group-npm/@algolia/requester-browser-xhr/-/requester-browser-xhr-4.24.0.tgz"
  integrity sha512-Z2NxZMb6+nVXSjF13YpjYTdvV3032YTBSGm2vnYvYPA6mMxzM3v5rsCiSspndn9rzIW4Qp1lPHBvuoKJV6jnAA==
  dependencies:
    "@algolia/requester-common" "4.24.0"

"@algolia/requester-browser-xhr@5.1.1":
  version "5.1.1"
  resolved "http://192.168.20.201:8081/repository/group-npm/@algolia/requester-browser-xhr/-/requester-browser-xhr-5.1.1.tgz"
  integrity sha512-NXmN1ujJCj5GlJQaMK6DbdiXdcf6nhRef/X40lu9TYi71q9xTo/5RPMI0K2iOp6g07S26BrXFOz6RSV3Ny4LLw==
  dependencies:
    "@algolia/client-common" "5.1.1"

"@algolia/requester-common@4.24.0":
  version "4.24.0"
  resolved "http://192.168.20.201:8081/repository/group-npm/@algolia/requester-common/-/requester-common-4.24.0.tgz"
  integrity sha512-k3CXJ2OVnvgE3HMwcojpvY6d9kgKMPRxs/kVohrwF5WMr2fnqojnycZkxPoEg+bXm8fi5BBfFmOqgYztRtHsQA==

"@algolia/requester-node-http@4.24.0":
  version "4.24.0"
  resolved "http://192.168.20.201:8081/repository/group-npm/@algolia/requester-node-http/-/requester-node-http-4.24.0.tgz"
  integrity sha512-JF18yTjNOVYvU/L3UosRcvbPMGT9B+/GQWNWnenIImglzNVGpyzChkXLnrSf6uxwVNO6ESGu6oN8MqcGQcjQJw==
  dependencies:
    "@algolia/requester-common" "4.24.0"

"@algolia/requester-node-http@5.1.1":
  version "5.1.1"
  resolved "http://192.168.20.201:8081/repository/group-npm/@algolia/requester-node-http/-/requester-node-http-5.1.1.tgz"
  integrity sha512-xwrgnNTIzgxDEx6zuCKSKTPzQLA8fL/WZiVB6fRpIu5agLMjoAi0cWA5YSDbo+2FFxqVgLqKY/Jz6mKmWtY15Q==
  dependencies:
    "@algolia/client-common" "5.1.1"

"@algolia/transporter@4.24.0":
  version "4.24.0"
  resolved "http://192.168.20.201:8081/repository/group-npm/@algolia/transporter/-/transporter-4.24.0.tgz"
  integrity sha512-86nI7w6NzWxd1Zp9q3413dRshDqAzSbsQjhcDhPIatEFiZrL1/TjnHL8S7jVKFePlIMzDsZWXAXwXzcok9c5oA==
  dependencies:
    "@algolia/cache-common" "4.24.0"
    "@algolia/logger-common" "4.24.0"
    "@algolia/requester-common" "4.24.0"

"@babel/helper-string-parser@^7.24.8":
  version "7.24.8"
  resolved "http://192.168.20.201:8081/repository/group-npm/@babel/helper-string-parser/-/helper-string-parser-7.24.8.tgz"
  integrity sha512-pO9KhhRcuUyGnJWwyEgnRJTSIZHiT+vMD0kPeD+so0l7mxkMT19g3pjY9GTnHySck/hDzq+dtW/4VgnMkippsQ==

"@babel/helper-validator-identifier@^7.24.7":
  version "7.24.7"
  resolved "http://192.168.20.201:8081/repository/group-npm/@babel/helper-validator-identifier/-/helper-validator-identifier-7.24.7.tgz"
  integrity sha512-rR+PBcQ1SMQDDyF6X0wxtG8QyLCgUB0eRAGguqRLfkCA87l7yAP7ehq8SNj96OOGTO8OBV70KhuFYcIkHXOg0w==

"@babel/parser@^7.24.7":
  version "7.25.4"
  resolved "http://192.168.20.201:8081/repository/group-npm/@babel/parser/-/parser-7.25.4.tgz"
  integrity sha512-nq+eWrOgdtu3jG5Os4TQP3x3cLA8hR8TvJNjD8vnPa20WGycimcparWnLK4jJhElTK6SDyuJo1weMKO/5LpmLA==
  dependencies:
    "@babel/types" "^7.25.4"

"@babel/types@^7.25.4":
  version "7.25.4"
  resolved "http://192.168.20.201:8081/repository/group-npm/@babel/types/-/types-7.25.4.tgz"
  integrity sha512-zQ1ijeeCXVEh+aNL0RlmkPkG8HUiDcU2pzQQFjtbntgAczRASFzj4H+6+bV+dy1ntKR14I/DypeuRG1uma98iQ==
  dependencies:
    "@babel/helper-string-parser" "^7.24.8"
    "@babel/helper-validator-identifier" "^7.24.7"
    to-fast-properties "^2.0.0"

"@docsearch/css@^3.6.0", "@docsearch/css@3.6.1":
  version "3.6.1"
  resolved "http://192.168.20.201:8081/repository/group-npm/@docsearch/css/-/css-3.6.1.tgz"
  integrity sha512-VtVb5DS+0hRIprU2CO6ZQjK2Zg4QU5HrDM1+ix6rT0umsYvFvatMAnf97NHZlVWDaaLlx7GRfR/7FikANiM2Fg==

"@docsearch/js@^3.6.0":
  version "3.6.1"
  resolved "http://192.168.20.201:8081/repository/group-npm/@docsearch/js/-/js-3.6.1.tgz"
  integrity sha512-erI3RRZurDr1xES5hvYJ3Imp7jtrXj6f1xYIzDzxiS7nNBufYWPbJwrmMqWC5g9y165PmxEmN9pklGCdLi0Iqg==
  dependencies:
    "@docsearch/react" "3.6.1"
    preact "^10.0.0"

"@docsearch/react@3.6.1":
  version "3.6.1"
  resolved "http://192.168.20.201:8081/repository/group-npm/@docsearch/react/-/react-3.6.1.tgz"
  integrity sha512-qXZkEPvybVhSXj0K7U3bXc233tk5e8PfhoZ6MhPOiik/qUQxYC+Dn9DnoS7CxHQQhHfCvTiN0eY9M12oRghEXw==
  dependencies:
    "@algolia/autocomplete-core" "1.9.3"
    "@algolia/autocomplete-preset-algolia" "1.9.3"
    "@docsearch/css" "3.6.1"
    algoliasearch "^4.19.1"

"@esbuild/win32-x64@0.21.5":
  version "0.21.5"
  resolved "http://192.168.20.201:8081/repository/group-npm/@esbuild/win32-x64/-/win32-x64-0.21.5.tgz"
  integrity sha512-tQd/1efJuzPC6rCFwEvLtci/xNFcTZknmXs98FYDfGE4wP9ClFV98nyKrzJKVPMhdDnjzLhdUyMX4PsQAPjwIw==

"@jridgewell/sourcemap-codec@^1.5.0":
  version "1.5.0"
  resolved "http://192.168.20.201:8081/repository/group-npm/@jridgewell/sourcemap-codec/-/sourcemap-codec-1.5.0.tgz"
  integrity sha512-gv3ZRaISU3fjPAgNsriBRqGWQL6quFx04YMPW/zD8XMLsU32mhCCbfbO6KZFLjvYpCZ8zyDEgqsgf+PwPaM7GQ==

"@rollup/rollup-win32-x64-msvc@4.21.0":
  version "4.21.0"
  resolved "http://192.168.20.201:8081/repository/group-npm/@rollup/rollup-win32-x64-msvc/-/rollup-win32-x64-msvc-4.21.0.tgz"
  integrity sha512-2jsCDZwtQvRhejHLfZ1JY6w6kEuEtfF9nzYsZxzSlNVKDX+DpsDJ+Rbjkm74nvg2rdx0gwBS+IMdvwJuq3S9pQ==

"@shikijs/core@^1.5.2", "@shikijs/core@1.14.1":
  version "1.14.1"
  resolved "http://192.168.20.201:8081/repository/group-npm/@shikijs/core/-/core-1.14.1.tgz"
  integrity sha512-KyHIIpKNaT20FtFPFjCQB5WVSTpLR/n+jQXhWHWVUMm9MaOaG9BGOG0MSyt7yA4+Lm+4c9rTc03tt3nYzeYSfw==
  dependencies:
    "@types/hast" "^3.0.4"

"@shikijs/transformers@^1.5.2":
  version "1.14.1"
  resolved "http://192.168.20.201:8081/repository/group-npm/@shikijs/transformers/-/transformers-1.14.1.tgz"
  integrity sha512-JJqL8QBVCJh3L61jqqEXgFq1cTycwjcGj7aSmqOEsbxnETM9hRlaB74QuXvY/fVJNjbNt8nvWo0VwAXKvMSLRg==
  dependencies:
    shiki "1.14.1"

"@types/estree@1.0.5":
  version "1.0.5"
  resolved "http://192.168.20.201:8081/repository/group-npm/@types/estree/-/estree-1.0.5.tgz"
  integrity sha512-/kYRxGDLWzHOB7q+wtSUQlFrtcdUccpfy+X+9iMBpHK8QLLhx2wIPYuS5DYtR9Wa/YlZAbIovy7qVdB1Aq6Lyw==

"@types/hast@^3.0.4":
  version "3.0.4"
  resolved "http://192.168.20.201:8081/repository/group-npm/@types/hast/-/hast-3.0.4.tgz"
  integrity sha512-WPs+bbQw5aCj+x6laNGWLH3wviHtoCv/P3+otBhbOhJgG8qtpdAMlTCxLtsTWA7LH1Oh/bFCHsBn0TPS5m30EQ==
  dependencies:
    "@types/unist" "*"

"@types/linkify-it@^5":
  version "5.0.0"
  resolved "http://192.168.20.201:8081/repository/group-npm/@types/linkify-it/-/linkify-it-5.0.0.tgz"
  integrity sha512-sVDA58zAw4eWAffKOaQH5/5j3XeayukzDk+ewSsnv3p4yJEZHCCzMDiZM8e0OUrRvmpGZ85jf4yDHkHsgBNr9Q==

"@types/markdown-it@^14.1.1":
  version "14.1.2"
  resolved "http://192.168.20.201:8081/repository/group-npm/@types/markdown-it/-/markdown-it-14.1.2.tgz"
  integrity sha512-promo4eFwuiW+TfGxhi+0x3czqTYJkG8qB17ZUJiVF10Xm7NLVRSLUsfRTU/6h1e24VvRnXCx+hG7li58lkzog==
  dependencies:
    "@types/linkify-it" "^5"
    "@types/mdurl" "^2"

"@types/mdurl@^2":
  version "2.0.0"
  resolved "http://192.168.20.201:8081/repository/group-npm/@types/mdurl/-/mdurl-2.0.0.tgz"
  integrity sha512-RGdgjQUZba5p6QEFAVx2OGb8rQDL/cPRG7GiedRzMcJ1tYnUANBncjbSB1NRGwbvjcPeikRABz2nshyPk1bhWg==

"@types/unist@*":
  version "3.0.3"
  resolved "http://192.168.20.201:8081/repository/group-npm/@types/unist/-/unist-3.0.3.tgz"
  integrity sha512-ko/gIFJRv177XgZsZcBwnqJN5x/Gien8qNOn0D5bQU/zAzVf9Zt3BlcUiLqhV9y4ARk0GbT3tnUiPNgnTXzc/Q==

"@types/web-bluetooth@^0.0.20":
  version "0.0.20"
  resolved "https://registry.npmmirror.com/@types/web-bluetooth/-/web-bluetooth-0.0.20.tgz"
  integrity sha512-g9gZnnXVq7gM7v3tJCWV/qw7w+KeOlSHAhgF9RytFyifW6AF61hdT2ucrYhPq9hLs5JIryeupHV3qGk95dH9ow==

"@vitejs/plugin-vue@^5.0.4":
  version "5.0.4"
  resolved "https://registry.npmmirror.com/@vitejs/plugin-vue/-/plugin-vue-5.0.4.tgz"
  integrity sha512-WS3hevEszI6CEVEx28F8RjTX97k3KsrcY6kvTg7+Whm5y3oYvcqzVeGCU3hxSAn4uY2CLCkeokkGKpoctccilQ==

"@vue/compiler-core@3.4.38":
  version "3.4.38"
  resolved "http://192.168.20.201:8081/repository/group-npm/@vue/compiler-core/-/compiler-core-3.4.38.tgz"
  integrity sha512-8IQOTCWnLFqfHzOGm9+P8OPSEDukgg3Huc92qSG49if/xI2SAwLHQO2qaPQbjCWPBcQoO1WYfXfTACUrWV3c5A==
  dependencies:
    "@babel/parser" "^7.24.7"
    "@vue/shared" "3.4.38"
    entities "^4.5.0"
    estree-walker "^2.0.2"
    source-map-js "^1.2.0"

"@vue/compiler-dom@3.4.38":
  version "3.4.38"
  resolved "http://192.168.20.201:8081/repository/group-npm/@vue/compiler-dom/-/compiler-dom-3.4.38.tgz"
  integrity sha512-Osc/c7ABsHXTsETLgykcOwIxFktHfGSUDkb05V61rocEfsFDcjDLH/IHJSNJP+/Sv9KeN2Lx1V6McZzlSb9EhQ==
  dependencies:
    "@vue/compiler-core" "3.4.38"
    "@vue/shared" "3.4.38"

"@vue/compiler-sfc@3.4.38":
  version "3.4.38"
  resolved "http://192.168.20.201:8081/repository/group-npm/@vue/compiler-sfc/-/compiler-sfc-3.4.38.tgz"
  integrity sha512-s5QfZ+9PzPh3T5H4hsQDJtI8x7zdJaew/dCGgqZ2630XdzaZ3AD8xGZfBqpT8oaD/p2eedd+pL8tD5vvt5ZYJQ==
  dependencies:
    "@babel/parser" "^7.24.7"
    "@vue/compiler-core" "3.4.38"
    "@vue/compiler-dom" "3.4.38"
    "@vue/compiler-ssr" "3.4.38"
    "@vue/shared" "3.4.38"
    estree-walker "^2.0.2"
    magic-string "^0.30.10"
    postcss "^8.4.40"
    source-map-js "^1.2.0"

"@vue/compiler-ssr@3.4.38":
  version "3.4.38"
  resolved "http://192.168.20.201:8081/repository/group-npm/@vue/compiler-ssr/-/compiler-ssr-3.4.38.tgz"
  integrity sha512-YXznKFQ8dxYpAz9zLuVvfcXhc31FSPFDcqr0kyujbOwNhlmaNvL2QfIy+RZeJgSn5Fk54CWoEUeW+NVBAogGaw==
  dependencies:
    "@vue/compiler-dom" "3.4.38"
    "@vue/shared" "3.4.38"

"@vue/devtools-api@^7.2.0":
  version "7.3.9"
  resolved "http://192.168.20.201:8081/repository/group-npm/@vue/devtools-api/-/devtools-api-7.3.9.tgz"
  integrity sha512-D+GTYtFg68bqSu66EugQUydsOqaDlPLNmYw5oYk8k81uBu9/bVTUrqlAJrAA9Am7MXhKz2gWdDkopY6sOBf/Bg==
  dependencies:
    "@vue/devtools-kit" "^7.3.9"

"@vue/devtools-kit@^7.3.9":
  version "7.3.9"
  resolved "http://192.168.20.201:8081/repository/group-npm/@vue/devtools-kit/-/devtools-kit-7.3.9.tgz"
  integrity sha512-Gr17nA+DaQzqyhNx1DUJr1CJRzTRfbIuuC80ZgU8MD/qNO302tv9la+ROi+Uaw+ULVwU9T71GnwLy4n8m9Lspg==
  dependencies:
    "@vue/devtools-shared" "^7.3.9"
    birpc "^0.2.17"
    hookable "^5.5.3"
    mitt "^3.0.1"
    perfect-debounce "^1.0.0"
    speakingurl "^14.0.1"
    superjson "^2.2.1"

"@vue/devtools-shared@^7.3.9":
  version "7.3.9"
  resolved "http://192.168.20.201:8081/repository/group-npm/@vue/devtools-shared/-/devtools-shared-7.3.9.tgz"
  integrity sha512-CdfMRZKXyI8vw+hqOcQIiLihB6Hbbi7WNZGp7LsuH1Qe4aYAFmTaKjSciRZ301oTnwmU/knC/s5OGuV6UNiNoA==
  dependencies:
    rfdc "^1.4.1"

"@vue/reactivity@3.4.38":
  version "3.4.38"
  resolved "http://192.168.20.201:8081/repository/group-npm/@vue/reactivity/-/reactivity-3.4.38.tgz"
  integrity sha512-4vl4wMMVniLsSYYeldAKzbk72+D3hUnkw9z8lDeJacTxAkXeDAP1uE9xr2+aKIN0ipOL8EG2GPouVTH6yF7Gnw==
  dependencies:
    "@vue/shared" "3.4.38"

"@vue/runtime-core@3.4.38":
  version "3.4.38"
  resolved "http://192.168.20.201:8081/repository/group-npm/@vue/runtime-core/-/runtime-core-3.4.38.tgz"
  integrity sha512-21z3wA99EABtuf+O3IhdxP0iHgkBs1vuoCAsCKLVJPEjpVqvblwBnTj42vzHRlWDCyxu9ptDm7sI2ZMcWrQqlA==
  dependencies:
    "@vue/reactivity" "3.4.38"
    "@vue/shared" "3.4.38"

"@vue/runtime-dom@3.4.38":
  version "3.4.38"
  resolved "http://192.168.20.201:8081/repository/group-npm/@vue/runtime-dom/-/runtime-dom-3.4.38.tgz"
  integrity sha512-afZzmUreU7vKwKsV17H1NDThEEmdYI+GCAK/KY1U957Ig2NATPVjCROv61R19fjZNzMmiU03n79OMnXyJVN0UA==
  dependencies:
    "@vue/reactivity" "3.4.38"
    "@vue/runtime-core" "3.4.38"
    "@vue/shared" "3.4.38"
    csstype "^3.1.3"

"@vue/server-renderer@3.4.38":
  version "3.4.38"
  resolved "http://192.168.20.201:8081/repository/group-npm/@vue/server-renderer/-/server-renderer-3.4.38.tgz"
  integrity sha512-NggOTr82FbPEkkUvBm4fTGcwUY8UuTsnWC/L2YZBmvaQ4C4Jl/Ao4HHTB+l7WnFCt5M/dN3l0XLuyjzswGYVCA==
  dependencies:
    "@vue/compiler-ssr" "3.4.38"
    "@vue/shared" "3.4.38"

"@vue/shared@^3.4.27", "@vue/shared@3.4.38":
  version "3.4.38"
  resolved "http://192.168.20.201:8081/repository/group-npm/@vue/shared/-/shared-3.4.38.tgz"
  integrity sha512-q0xCiLkuWWQLzVrecPb0RMsNWyxICOjPrcrwxTUEHb1fsnvni4dcuyG7RT/Ie7VPTvnjzIaWzRMUBsrqNj/hhw==

"@vueuse/core@^10.9.0", "@vueuse/core@10.9.0":
  version "10.9.0"
  resolved "https://registry.npmmirror.com/@vueuse/core/-/core-10.9.0.tgz"
  integrity sha512-/1vjTol8SXnx6xewDEKfS0Ra//ncg4Hb0DaZiwKf7drgfMsKFExQ+FnnENcN6efPen+1kIzhLQoGSy0eDUVOMg==
  dependencies:
    "@types/web-bluetooth" "^0.0.20"
    "@vueuse/metadata" "10.9.0"
    "@vueuse/shared" "10.9.0"
    vue-demi ">=0.14.7"

"@vueuse/integrations@^10.9.0":
  version "10.9.0"
  resolved "https://registry.npmmirror.com/@vueuse/integrations/-/integrations-10.9.0.tgz"
  integrity sha512-acK+A01AYdWSvL4BZmCoJAcyHJ6EqhmkQEXbQLwev1MY7NBnS+hcEMx/BzVoR9zKI+UqEPMD9u6PsyAuiTRT4Q==
  dependencies:
    "@vueuse/core" "10.9.0"
    "@vueuse/shared" "10.9.0"
    vue-demi ">=0.14.7"

"@vueuse/metadata@10.9.0":
  version "10.9.0"
  resolved "https://registry.npmmirror.com/@vueuse/metadata/-/metadata-10.9.0.tgz"
  integrity sha512-iddNbg3yZM0X7qFY2sAotomgdHK7YJ6sKUvQqbvwnf7TmaVPxS4EJydcNsVejNdS8iWCtDk+fYXr7E32nyTnGA==

"@vueuse/shared@10.9.0":
  version "10.9.0"
  resolved "https://registry.npmmirror.com/@vueuse/shared/-/shared-10.9.0.tgz"
  integrity sha512-Uud2IWncmAfJvRaFYzv5OHDli+FbOzxiVEQdLCKQKLyhz94PIyFC3CHcH7EDMwIn8NPtD06+PNbC/PiO0LGLtw==
  dependencies:
    vue-demi ">=0.14.7"

algoliasearch@^4.19.1, "algoliasearch@>= 4.9.1 < 6":
  version "4.24.0"
  resolved "http://192.168.20.201:8081/repository/group-npm/algoliasearch/-/algoliasearch-4.24.0.tgz"
  integrity sha512-bf0QV/9jVejssFBmz2HQLxUadxk574t4iwjCKp5E7NBzwKkrDEhKPISIIjAU/p6K5qDx3qoeh4+26zWN1jmw3g==
  dependencies:
    "@algolia/cache-browser-local-storage" "4.24.0"
    "@algolia/cache-common" "4.24.0"
    "@algolia/cache-in-memory" "4.24.0"
    "@algolia/client-account" "4.24.0"
    "@algolia/client-analytics" "4.24.0"
    "@algolia/client-common" "4.24.0"
    "@algolia/client-personalization" "4.24.0"
    "@algolia/client-search" "4.24.0"
    "@algolia/logger-common" "4.24.0"
    "@algolia/logger-console" "4.24.0"
    "@algolia/recommend" "4.24.0"
    "@algolia/requester-browser-xhr" "4.24.0"
    "@algolia/requester-common" "4.24.0"
    "@algolia/requester-node-http" "4.24.0"
    "@algolia/transporter" "4.24.0"

birpc@^0.2.17:
  version "0.2.17"
  resolved "http://192.168.20.201:8081/repository/group-npm/birpc/-/birpc-0.2.17.tgz"
  integrity sha512-+hkTxhot+dWsLpp3gia5AkVHIsKlZybNT5gIYiDlNzJrmYPcTM9k5/w2uaj3IPpd7LlEYpmCj4Jj1nC41VhDFg==

copy-anything@^3.0.2:
  version "3.0.5"
  resolved "http://192.168.20.201:8081/repository/group-npm/copy-anything/-/copy-anything-3.0.5.tgz"
  integrity sha512-yCEafptTtb4bk7GLEQoM8KVJpxAfdBJYaXyzQEgQQQgYrZiDp8SJmGKlYza6CYjEDNstAdNdKA3UuoULlEbS6w==
  dependencies:
    is-what "^4.1.8"

csstype@^3.1.3:
  version "3.1.3"
  resolved "http://192.168.20.201:8081/repository/group-npm/csstype/-/csstype-3.1.3.tgz"
  integrity sha512-M1uQkMl8rQK/szD0LNhtqxIPLpimGm8sOBwU7lLnCpSbTyY3yeU1Vc7l4KT5zT4s/yOxHH5O7tIuuLOCnLADRw==

entities@^4.5.0:
  version "4.5.0"
  resolved "http://192.168.20.201:8081/repository/group-npm/entities/-/entities-4.5.0.tgz"
  integrity sha512-V0hjH4dGPh9Ao5p0MoRY6BVqtwCjhz6vI5LT8AJ55H+4g9/4vbHx1I54fS0XuclLhDHArPQCiMjDxjaL8fPxhw==

esbuild@^0.21.3:
  version "0.21.5"
  resolved "http://192.168.20.201:8081/repository/group-npm/esbuild/-/esbuild-0.21.5.tgz"
  integrity sha512-mg3OPMV4hXywwpoDxu3Qda5xCKQi+vCTZq8S9J/EpkhB2HzKXq4SNFZE3+NK93JYxc8VMSep+lOUSC/RVKaBqw==
  optionalDependencies:
    "@esbuild/aix-ppc64" "0.21.5"
    "@esbuild/android-arm" "0.21.5"
    "@esbuild/android-arm64" "0.21.5"
    "@esbuild/android-x64" "0.21.5"
    "@esbuild/darwin-arm64" "0.21.5"
    "@esbuild/darwin-x64" "0.21.5"
    "@esbuild/freebsd-arm64" "0.21.5"
    "@esbuild/freebsd-x64" "0.21.5"
    "@esbuild/linux-arm" "0.21.5"
    "@esbuild/linux-arm64" "0.21.5"
    "@esbuild/linux-ia32" "0.21.5"
    "@esbuild/linux-loong64" "0.21.5"
    "@esbuild/linux-mips64el" "0.21.5"
    "@esbuild/linux-ppc64" "0.21.5"
    "@esbuild/linux-riscv64" "0.21.5"
    "@esbuild/linux-s390x" "0.21.5"
    "@esbuild/linux-x64" "0.21.5"
    "@esbuild/netbsd-x64" "0.21.5"
    "@esbuild/openbsd-x64" "0.21.5"
    "@esbuild/sunos-x64" "0.21.5"
    "@esbuild/win32-arm64" "0.21.5"
    "@esbuild/win32-ia32" "0.21.5"
    "@esbuild/win32-x64" "0.21.5"

estree-walker@^2.0.2:
  version "2.0.2"
  resolved "http://192.168.20.201:8081/repository/group-npm/estree-walker/-/estree-walker-2.0.2.tgz"
  integrity sha512-Rfkk/Mp/DL7JVje3u18FxFujQlTNR2q6QfMSMB7AvCBx91NGj/ba3kCfza0f6dVDbw7YlRf/nDrn7pQrCCyQ/w==

focus-trap@*, focus-trap@^7.5.4:
  version "7.5.4"
  resolved "https://registry.npmmirror.com/focus-trap/-/focus-trap-7.5.4.tgz"
  integrity sha512-N7kHdlgsO/v+iD/dMoJKtsSqs5Dz/dXZVebRgJw23LDk+jMi/974zyiOYDziY2JPp8xivq9BmUGwIJMiuSBi7w==
  dependencies:
    tabbable "^6.2.0"

hookable@^5.5.3:
  version "5.5.3"
  resolved "http://192.168.20.201:8081/repository/group-npm/hookable/-/hookable-5.5.3.tgz"
  integrity sha512-Yc+BQe8SvoXH1643Qez1zqLRmbA5rCL+sSmk6TVos0LWVfNIB7PGncdlId77WzLGSIB5KaWgTaNTs2lNVEI6VQ==

is-what@^4.1.8:
  version "4.1.16"
  resolved "http://192.168.20.201:8081/repository/group-npm/is-what/-/is-what-4.1.16.tgz"
  integrity sha512-ZhMwEosbFJkA0YhFnNDgTM4ZxDRsS6HqTo7qsZM08fehyRYIYa0yHu5R6mgo1n/8MgaPBXiPimPD77baVFYg+A==

magic-string@^0.30.10:
  version "0.30.11"
  resolved "http://192.168.20.201:8081/repository/group-npm/magic-string/-/magic-string-0.30.11.tgz"
  integrity sha512-+Wri9p0QHMy+545hKww7YAu5NyzF8iomPL/RQazugQ9+Ez4Ic3mERMd8ZTX5rfK944j+560ZJi8iAwgak1Ac7A==
  dependencies:
    "@jridgewell/sourcemap-codec" "^1.5.0"

mark.js@8.11.1:
  version "8.11.1"
  resolved "https://registry.npmmirror.com/mark.js/-/mark.js-8.11.1.tgz"
  integrity sha512-1I+1qpDt4idfgLQG+BNWmrqku+7/2bi5nLf4YwF8y8zXvmfiTBY3PV3ZibfrjBueCByROpuBjLLFCajqkgYoLQ==

minisearch@^6.3.0:
  version "6.3.0"
  resolved "https://registry.npmmirror.com/minisearch/-/minisearch-6.3.0.tgz"
  integrity sha512-ihFnidEeU8iXzcVHy74dhkxh/dn8Dc08ERl0xwoMMGqp4+LvRSCgicb+zGqWthVokQKvCSxITlh3P08OzdTYCQ==

mitt@^3.0.1:
  version "3.0.1"
  resolved "http://192.168.20.201:8081/repository/group-npm/mitt/-/mitt-3.0.1.tgz"
  integrity sha512-vKivATfr97l2/QBCYAkXYDbrIWPM2IIKEl7YPhjCvKlG3kE2gm+uBo6nEXK3M5/Ffh/FLpKExzOQ3JJoJGFKBw==

nanoid@^3.3.7:
  version "3.3.7"
  resolved "https://registry.npmmirror.com/nanoid/-/nanoid-3.3.7.tgz"
  integrity sha512-eSRppjcPIatRIMC1U6UngP8XFcz8MQWGQdt1MTBQ7NaAmvXDfvNxbvWV3x2y6CdEUciCSsDHDQZbhYaB8QEo2g==

perfect-debounce@^1.0.0:
  version "1.0.0"
  resolved "http://192.168.20.201:8081/repository/group-npm/perfect-debounce/-/perfect-debounce-1.0.0.tgz"
  integrity sha512-xCy9V055GLEqoFaHoC1SoLIaLmWctgCUaBaWxDZ7/Zx4CTyX7cJQLJOok/orfjZAh9kEYpjJa4d0KcJmCbctZA==

picocolors@^1.0.1:
  version "1.0.1"
  resolved "http://192.168.20.201:8081/repository/group-npm/picocolors/-/picocolors-1.0.1.tgz"
  integrity sha512-anP1Z8qwhkbmu7MFP5iTt+wQKXgwzf7zTyGlcdzabySa9vd0Xt392U0rVmz9poOaBj0uHJKyyo9/upk0HrEQew==

postcss@^8, postcss@^8.4.40, postcss@^8.4.41:
  version "8.4.41"
  resolved "http://192.168.20.201:8081/repository/group-npm/postcss/-/postcss-8.4.41.tgz"
  integrity sha512-TesUflQ0WKZqAvg52PWL6kHgLKP6xB6heTOdoYM0Wt2UHyxNa4K25EZZMgKns3BH1RLVbZCREPpLY0rhnNoHVQ==
  dependencies:
    nanoid "^3.3.7"
    picocolors "^1.0.1"
    source-map-js "^1.2.0"

preact@^10.0.0:
  version "10.23.2"
  resolved "http://192.168.20.201:8081/repository/group-npm/preact/-/preact-10.23.2.tgz"
  integrity sha512-kKYfePf9rzKnxOAKDpsWhg/ysrHPqT+yQ7UW4JjdnqjFIeNUnNcEJvhuA8fDenxAGWzUqtd51DfVg7xp/8T9NA==

rfdc@^1.4.1:
  version "1.4.1"
  resolved "http://192.168.20.201:8081/repository/group-npm/rfdc/-/rfdc-1.4.1.tgz"
  integrity sha512-q1b3N5QkRUWUl7iyylaaj3kOpIT0N2i9MqIEQXP73GVsN9cw3fdx8X63cEmWhJGi2PPCF23Ijp7ktmd39rawIA==

rollup@^4.20.0:
  version "4.21.0"
  resolved "http://192.168.20.201:8081/repository/group-npm/rollup/-/rollup-4.21.0.tgz"
  integrity sha512-vo+S/lfA2lMS7rZ2Qoubi6I5hwZwzXeUIctILZLbHI+laNtvhhOIon2S1JksA5UEDQ7l3vberd0fxK44lTYjbQ==
  dependencies:
    "@types/estree" "1.0.5"
  optionalDependencies:
    "@rollup/rollup-android-arm-eabi" "4.21.0"
    "@rollup/rollup-android-arm64" "4.21.0"
    "@rollup/rollup-darwin-arm64" "4.21.0"
    "@rollup/rollup-darwin-x64" "4.21.0"
    "@rollup/rollup-linux-arm-gnueabihf" "4.21.0"
    "@rollup/rollup-linux-arm-musleabihf" "4.21.0"
    "@rollup/rollup-linux-arm64-gnu" "4.21.0"
    "@rollup/rollup-linux-arm64-musl" "4.21.0"
    "@rollup/rollup-linux-powerpc64le-gnu" "4.21.0"
    "@rollup/rollup-linux-riscv64-gnu" "4.21.0"
    "@rollup/rollup-linux-s390x-gnu" "4.21.0"
    "@rollup/rollup-linux-x64-gnu" "4.21.0"
    "@rollup/rollup-linux-x64-musl" "4.21.0"
    "@rollup/rollup-win32-arm64-msvc" "4.21.0"
    "@rollup/rollup-win32-ia32-msvc" "4.21.0"
    "@rollup/rollup-win32-x64-msvc" "4.21.0"
    fsevents "~2.3.2"

"search-insights@>= 1 < 3":
  version "2.17.0"
  resolved "http://192.168.20.201:8081/repository/group-npm/search-insights/-/search-insights-2.17.0.tgz"
  integrity sha512-AskayU3QNsXQzSL6v4LTYST7NNfs2HWyHHB+sdORP9chsytAhro5XRfToAMI/LAVYgNbzowVZTMfBRodgbUHKg==

shiki@^1.5.2, shiki@1.14.1:
  version "1.14.1"
  resolved "http://192.168.20.201:8081/repository/group-npm/shiki/-/shiki-1.14.1.tgz"
  integrity sha512-FujAN40NEejeXdzPt+3sZ3F2dx1U24BY2XTY01+MG8mbxCiA2XukXdcbyMyLAHJ/1AUUnQd1tZlvIjefWWEJeA==
  dependencies:
    "@shikijs/core" "1.14.1"
    "@types/hast" "^3.0.4"

source-map-js@^1.2.0:
  version "1.2.0"
  resolved "http://192.168.20.201:8081/repository/group-npm/source-map-js/-/source-map-js-1.2.0.tgz"
  integrity sha512-itJW8lvSA0TXEphiRoawsCksnlf8SyvmFzIhltqAHluXd88pkCd+cXJVHTDwdCr0IzwptSm035IHQktUu1QUMg==

speakingurl@^14.0.1:
  version "14.0.1"
  resolved "http://192.168.20.201:8081/repository/group-npm/speakingurl/-/speakingurl-14.0.1.tgz"
  integrity sha512-1POYv7uv2gXoyGFpBCmpDVSNV74IfsWlDW216UPjbWufNf+bSU6GdbDsxdcxtfwb4xlI3yxzOTKClUosxARYrQ==

superjson@^2.2.1:
  version "2.2.1"
  resolved "http://192.168.20.201:8081/repository/group-npm/superjson/-/superjson-2.2.1.tgz"
  integrity sha512-8iGv75BYOa0xRJHK5vRLEjE2H/i4lulTjzpUXic3Eg8akftYjkmQDa8JARQ42rlczXyFR3IeRoeFCc7RxHsYZA==
  dependencies:
    copy-anything "^3.0.2"

tabbable@^6.2.0:
  version "6.2.0"
  resolved "https://registry.npmmirror.com/tabbable/-/tabbable-6.2.0.tgz"
  integrity sha512-Cat63mxsVJlzYvN51JmVXIgNoUokrIaT2zLclCXjRd8boZ0004U4KCs/sToJ75C6sdlByWxpYnb5Boif1VSFew==

to-fast-properties@^2.0.0:
  version "2.0.0"
  resolved "http://192.168.20.201:8081/repository/group-npm/to-fast-properties/-/to-fast-properties-2.0.0.tgz"
  integrity sha512-/OaKK0xYrs3DmxRYqL/yDc+FxFUVYhDlXMhRmv3z915w2HF1tnN1omB354j8VUGO/hbRzyD6Y3sA7v7GS/ceog==

vite@^5.0.0, vite@^5.2.11:
  version "5.4.2"
  resolved "http://192.168.20.201:8081/repository/group-npm/vite/-/vite-5.4.2.tgz"
  integrity sha512-dDrQTRHp5C1fTFzcSaMxjk6vdpKvT+2/mIdE07Gw2ykehT49O0z/VHS3zZ8iV/Gh8BJJKHWOe5RjaNrW5xf/GA==
  dependencies:
    esbuild "^0.21.3"
    postcss "^8.4.41"
    rollup "^4.20.0"
  optionalDependencies:
    fsevents "~2.3.3"

vitepress@1.2.0:
  version "1.2.0"
  resolved "http://192.168.20.201:8081/repository/group-npm/vitepress/-/vitepress-1.2.0.tgz"
  integrity sha512-m/4PAQVyPBvKHV7sFKwcmNmrsoSxdjnw/Eg40YyuBSaBHhrro9ubnfWk5GT0xGfE98LqjZkHCWKNJlR6G/7Ayg==
  dependencies:
    "@docsearch/css" "^3.6.0"
    "@docsearch/js" "^3.6.0"
    "@shikijs/core" "^1.5.2"
    "@shikijs/transformers" "^1.5.2"
    "@types/markdown-it" "^14.1.1"
    "@vitejs/plugin-vue" "^5.0.4"
    "@vue/devtools-api" "^7.2.0"
    "@vue/shared" "^3.4.27"
    "@vueuse/core" "^10.9.0"
    "@vueuse/integrations" "^10.9.0"
    focus-trap "^7.5.4"
    mark.js "8.11.1"
    minisearch "^6.3.0"
    shiki "^1.5.2"
    vite "^5.2.11"
    vue "^3.4.27"

vue-demi@>=0.14.7:
  version "0.14.7"
  resolved "https://registry.npmmirror.com/vue-demi/-/vue-demi-0.14.7.tgz"
  integrity sha512-EOG8KXDQNwkJILkx/gPcoL/7vH+hORoBaKgGe+6W7VFMvCYJfmF2dGbvgDroVnI8LU7/kTu8mbjRZGBU1z9NTA==

"vue@^3.0.0-0 || ^2.6.0", vue@^3.2.25, vue@^3.4.27, vue@3.4.38:
  version "3.4.38"
  resolved "http://192.168.20.201:8081/repository/group-npm/vue/-/vue-3.4.38.tgz"
  integrity sha512-f0ZgN+mZ5KFgVv9wz0f4OgVKukoXtS3nwET4c2vLBGQR50aI8G0cqbFtLlX9Yiyg3LFGBitruPHt2PxwTduJEw==
  dependencies:
    "@vue/compiler-dom" "3.4.38"
    "@vue/compiler-sfc" "3.4.38"
    "@vue/runtime-dom" "3.4.38"
    "@vue/server-renderer" "3.4.38"
    "@vue/shared" "3.4.38"
